{
  "lib/forge-std": {
    "tag": {
      "name": "v1.12.0",
      "rev": "7117c90c8cf6c68e5acce4f09a6b24715cea4de6"
    }
  },
  "lib/openzeppelin-contracts": {
    "tag": {
      "name": "v4.9.6",
      "rev": "dc44c9f1a4c3b10af99492eed84f83ed244203f6"
    }
  },
  "lib/openzeppelin-contracts-upgradeable": {
    "tag": {
      "name": "v4.8.0",
      "rev": "65420cb9c943c32eb7e8c9da60183a413d90067a"
    }
  },
  "lib/openzeppelin-foundry-upgrades": {
    "tag": {
      "name": "v0.2.2",
      "rev": "332bd3306242e09520df2685b2edb99ebd7f5d37"
    }
  },
  "lib/safe-contracts": {
    "tag": {
      "name": "v1.5.0",
      "rev": "dc437e8fba8b4805d76bcbd1c668c9fd3d1e83be"
    }
  }
}